
Microsoft Visual Studio Solution File, Format Version 12.00
# Visual Studio 15
VisualStudioVersion = 15.0.26124.0
MinimumVisualStudioVersion = 15.0.26124.0
Project("{FAE04EC0-301F-11D3-BF4B-00C04F79EFBC}") = "Domain", "Domain\Domain.csproj", "{A44F181B-400C-420A-946F-EEF2339EE15F}"
EndProject
Project("{FAE04EC0-301F-11D3-BF4B-00C04F79EFBC}") = "Application", "Application\Application.csproj", "{2ED238F2-54AB-4D25-A4B6-74FBD9F55258}"
EndProject
Project("{FAE04EC0-301F-11D3-BF4B-00C04F79EFBC}") = "Persistence", "Persistence\Persistence.csproj", "{7B6DDDD5-7A91-46CD-8810-7B9D7D93A4DC}"
EndProject
Project("{FAE04EC0-301F-11D3-BF4B-00C04F79EFBC}") = "API", "API\API.csproj", "{C8BCDB98-9AD7-447D-AF0D-7A5AB3A40D4C}"
EndProject
Project("{FAE04EC0-301F-11D3-BF4B-00C04F79EFBC}") = "Infrastructure", "Infrastructure\Infrastructure.csproj", "{8F7299CE-49BC-4AA7-ABEA-EB200A54D607}"
EndProject
Global
	GlobalSection(SolutionConfigurationPlatforms) = preSolution
		Debug|Any CPU = Debug|Any CPU
		Debug|x64 = Debug|x64
		Debug|x86 = Debug|x86
		Release|Any CPU = Release|Any CPU
		Release|x64 = Release|x64
		Release|x86 = Release|x86
	EndGlobalSection
	GlobalSection(SolutionProperties) = preSolution
		HideSolutionNode = FALSE
	EndGlobalSection
	GlobalSection(ProjectConfigurationPlatforms) = postSolution
		{A44F181B-400C-420A-946F-EEF2339EE15F}.Debug|Any CPU.ActiveCfg = Debug|Any CPU
		{A44F181B-400C-420A-946F-EEF2339EE15F}.Debug|Any CPU.Build.0 = Debug|Any CPU
		{A44F181B-400C-420A-946F-EEF2339EE15F}.Debug|x64.ActiveCfg = Debug|Any CPU
		{A44F181B-400C-420A-946F-EEF2339EE15F}.Debug|x64.Build.0 = Debug|Any CPU
		{A44F181B-400C-420A-946F-EEF2339EE15F}.Debug|x86.ActiveCfg = Debug|Any CPU
		{A44F181B-400C-420A-946F-EEF2339EE15F}.Debug|x86.Build.0 = Debug|Any CPU
		{A44F181B-400C-420A-946F-EEF2339EE15F}.Release|Any CPU.ActiveCfg = Release|Any CPU
		{A44F181B-400C-420A-946F-EEF2339EE15F}.Release|Any CPU.Build.0 = Release|Any CPU
		{A44F181B-400C-420A-946F-EEF2339EE15F}.Release|x64.ActiveCfg = Release|Any CPU
		{A44F181B-400C-420A-946F-EEF2339EE15F}.Release|x64.Build.0 = Release|Any CPU
		{A44F181B-400C-420A-946F-EEF2339EE15F}.Release|x86.ActiveCfg = Release|Any CPU
		{A44F181B-400C-420A-946F-EEF2339EE15F}.Release|x86.Build.0 = Release|Any CPU
		{2ED238F2-54AB-4D25-A4B6-74FBD9F55258}.Debug|Any CPU.ActiveCfg = Debug|Any CPU
		{2ED238F2-54AB-4D25-A4B6-74FBD9F55258}.Debug|Any CPU.Build.0 = Debug|Any CPU
		{2ED238F2-54AB-4D25-A4B6-74FBD9F55258}.Debug|x64.ActiveCfg = Debug|Any CPU
		{2ED238F2-54AB-4D25-A4B6-74FBD9F55258}.Debug|x64.Build.0 = Debug|Any CPU
		{2ED238F2-54AB-4D25-A4B6-74FBD9F55258}.Debug|x86.ActiveCfg = Debug|Any CPU
		{2ED238F2-54AB-4D25-A4B6-74FBD9F55258}.Debug|x86.Build.0 = Debug|Any CPU
		{2ED238F2-54AB-4D25-A4B6-74FBD9F55258}.Release|Any CPU.ActiveCfg = Release|Any CPU
		{2ED238F2-54AB-4D25-A4B6-74FBD9F55258}.Release|Any CPU.Build.0 = Release|Any CPU
		{2ED238F2-54AB-4D25-A4B6-74FBD9F55258}.Release|x64.ActiveCfg = Release|Any CPU
		{2ED238F2-54AB-4D25-A4B6-74FBD9F55258}.Release|x64.Build.0 = Release|Any CPU
		{2ED238F2-54AB-4D25-A4B6-74FBD9F55258}.Release|x86.ActiveCfg = Release|Any CPU
		{2ED238F2-54AB-4D25-A4B6-74FBD9F55258}.Release|x86.Build.0 = Release|Any CPU
		{7B6DDDD5-7A91-46CD-8810-7B9D7D93A4DC}.Debug|Any CPU.ActiveCfg = Debug|Any CPU
		{7B6DDDD5-7A91-46CD-8810-7B9D7D93A4DC}.Debug|Any CPU.Build.0 = Debug|Any CPU
		{7B6DDDD5-7A91-46CD-8810-7B9D7D93A4DC}.Debug|x64.ActiveCfg = Debug|Any CPU
		{7B6DDDD5-7A91-46CD-8810-7B9D7D93A4DC}.Debug|x64.Build.0 = Debug|Any CPU
		{7B6DDDD5-7A91-46CD-8810-7B9D7D93A4DC}.Debug|x86.ActiveCfg = Debug|Any CPU
		{7B6DDDD5-7A91-46CD-8810-7B9D7D93A4DC}.Debug|x86.Build.0 = Debug|Any CPU
		{7B6DDDD5-7A91-46CD-8810-7B9D7D93A4DC}.Release|Any CPU.ActiveCfg = Release|Any CPU
		{7B6DDDD5-7A91-46CD-8810-7B9D7D93A4DC}.Release|Any CPU.Build.0 = Release|Any CPU
		{7B6DDDD5-7A91-46CD-8810-7B9D7D93A4DC}.Release|x64.ActiveCfg = Release|Any CPU
		{7B6DDDD5-7A91-46CD-8810-7B9D7D93A4DC}.Release|x64.Build.0 = Release|Any CPU
		{7B6DDDD5-7A91-46CD-8810-7B9D7D93A4DC}.Release|x86.ActiveCfg = Release|Any CPU
		{7B6DDDD5-7A91-46CD-8810-7B9D7D93A4DC}.Release|x86.Build.0 = Release|Any CPU
		{C8BCDB98-9AD7-447D-AF0D-7A5AB3A40D4C}.Debug|Any CPU.ActiveCfg = Debug|Any CPU
		{C8BCDB98-9AD7-447D-AF0D-7A5AB3A40D4C}.Debug|Any CPU.Build.0 = Debug|Any CPU
		{C8BCDB98-9AD7-447D-AF0D-7A5AB3A40D4C}.Debug|x64.ActiveCfg = Debug|Any CPU
		{C8BCDB98-9AD7-447D-AF0D-7A5AB3A40D4C}.Debug|x64.Build.0 = Debug|Any CPU
		{C8BCDB98-9AD7-447D-AF0D-7A5AB3A40D4C}.Debug|x86.ActiveCfg = Debug|Any CPU
		{C8BCDB98-9AD7-447D-AF0D-7A5AB3A40D4C}.Debug|x86.Build.0 = Debug|Any CPU
		{C8BCDB98-9AD7-447D-AF0D-7A5AB3A40D4C}.Release|Any CPU.ActiveCfg = Release|Any CPU
		{C8BCDB98-9AD7-447D-AF0D-7A5AB3A40D4C}.Release|Any CPU.Build.0 = Release|Any CPU
		{C8BCDB98-9AD7-447D-AF0D-7A5AB3A40D4C}.Release|x64.ActiveCfg = Release|Any CPU
		{C8BCDB98-9AD7-447D-AF0D-7A5AB3A40D4C}.Release|x64.Build.0 = Release|Any CPU
		{C8BCDB98-9AD7-447D-AF0D-7A5AB3A40D4C}.Release|x86.ActiveCfg = Release|Any CPU
		{C8BCDB98-9AD7-447D-AF0D-7A5AB3A40D4C}.Release|x86.Build.0 = Release|Any CPU
		{8F7299CE-49BC-4AA7-ABEA-EB200A54D607}.Debug|Any CPU.ActiveCfg = Debug|Any CPU
		{8F7299CE-49BC-4AA7-ABEA-EB200A54D607}.Debug|Any CPU.Build.0 = Debug|Any CPU
		{8F7299CE-49BC-4AA7-ABEA-EB200A54D607}.Debug|x64.ActiveCfg = Debug|Any CPU
		{8F7299CE-49BC-4AA7-ABEA-EB200A54D607}.Debug|x64.Build.0 = Debug|Any CPU
		{8F7299CE-49BC-4AA7-ABEA-EB200A54D607}.Debug|x86.ActiveCfg = Debug|Any CPU
		{8F7299CE-49BC-4AA7-ABEA-EB200A54D607}.Debug|x86.Build.0 = Debug|Any CPU
		{8F7299CE-49BC-4AA7-ABEA-EB200A54D607}.Release|Any CPU.ActiveCfg = Release|Any CPU
		{8F7299CE-49BC-4AA7-ABEA-EB200A54D607}.Release|Any CPU.Build.0 = Release|Any CPU
		{8F7299CE-49BC-4AA7-ABEA-EB200A54D607}.Release|x64.ActiveCfg = Release|Any CPU
		{8F7299CE-49BC-4AA7-ABEA-EB200A54D607}.Release|x64.Build.0 = Release|Any CPU
		{8F7299CE-49BC-4AA7-ABEA-EB200A54D607}.Release|x86.ActiveCfg = Release|Any CPU
		{8F7299CE-49BC-4AA7-ABEA-EB200A54D607}.Release|x86.Build.0 = Release|Any CPU
	EndGlobalSection
EndGlobal
